
Microsoft Visual Studio Solution File, Format Version 12.00
# Visual Studio Version 17
VisualStudioVersion = 17.8.34408.163
MinimumVisualStudioVersion = 10.0.40219.1
Project("{FAE04EC0-301F-11D3-BF4B-00C04F79EFBC}") = "Kettera_console", "Kettera_console\Kettera_console.csproj", "{30067B98-59C1-48D3-A127-8162130EAE90}"
EndProject
Global
	GlobalSection(SolutionConfigurationPlatforms) = preSolution
		Debug|Any CPU = Debug|Any CPU
		Release|Any CPU = Release|Any CPU
	EndGlobalSection
	GlobalSection(ProjectConfigurationPlatforms) = postSolution
		{30067B98-59C1-48D3-A127-8162130EAE90}.Debug|Any CPU.ActiveCfg = Debug|Any CPU
		{30067B98-59C1-48D3-A127-8162130EAE90}.Debug|Any CPU.Build.0 = Debug|Any CPU
		{30067B98-59C1-48D3-A127-8162130EAE90}.Release|Any CPU.ActiveCfg = Release|Any CPU
		{30067B98-59C1-48D3-A127-8162130EAE90}.Release|Any CPU.Build.0 = Release|Any CPU
	EndGlobalSection
	GlobalSection(SolutionProperties) = preSolution
		HideSolutionNode = FALSE
	EndGlobalSection
	GlobalSection(ExtensibilityGlobals) = postSolution
		SolutionGuid = {54BBB723-CF71-4C99-B660-A67E6FEEAA11}
	EndGlobalSection
EndGlobal
